github.com/iancoleman/strcase v0.3.0 h1:nTXanmYxhfFAMjZL34Ov6gkzEsSJZ5DbhxWjvSASxEI=
github.com/iancoleman/strcase v0.3.0/go.mod h1:iwCmte+B7n89clKwxIoIXy/HfoL7AsD47ZCWhYzw7ho=
github.com/zeromicro/goctl-tool/core v0.0.0-20240717151724-21e109b0e427 h1:j2hxWMmMJRmhfHo+AAvTmMcmYc/rGbVp7KVRXgSLjUE=
github.com/zeromicro/goctl-tool/core v0.0.0-20240717151724-21e109b0e427/go.mod h1:eLFO+l9ORp+V8JAV5zzgMBDsaWIlo5XKeVBkI/WxMZA=
