github.com/iancoleman/strcase v0.3.0 h1:nTXanmYxhfFAMjZL34Ov6gkzEsSJZ5DbhxWjvSASxEI=
github.com/iancoleman/strcase v0.3.0/go.mod h1:iwCmte+B7n89clKwxIoIXy/HfoL7AsD47ZCWhYzw7ho=
github.com/zeromicro/goctl-tool/core v0.0.0-20240717121452-0afeab109850 h1:g2yYBS2PZx3z4PNhExURcU1R6264mm/A7s5DR2XYESs=
github.com/zeromicro/goctl-tool/core v0.0.0-20240717121452-0afeab109850/go.mod h1:eLFO+l9ORp+V8JAV5zzgMBDsaWIlo5XKeVBkI/WxMZA=
